
Microsoft Visual Studio Solution File, Format Version 12.00
# Visual Studio 15
VisualStudioVersion = 15.0.27130.2003
MinimumVisualStudioVersion = 10.0.40219.1
Project("{9A19103F-16F7-4668-BE54-9A1E7A4F7556}") = "DbConn.DbExecutor.Abstract", "DbConn.DbExecutor.Abstract\DbConn.DbExecutor.Abstract.csproj", "{A677DC1C-9B69-43FD-BD1D-3A77E842DAEA}"
EndProject
Project("{2150E333-8FDC-42A3-9474-1A3956D46DE8}") = "Solution Items", "Solution Items", "{58C157DC-689F-488A-A1D0-AD8F407D9FB8}"
	ProjectSection(SolutionItems) = preProject
		appveyor.master.yml = appveyor.master.yml
		appveyor.yml = appveyor.yml
		README.md = README.md
	EndProjectSection
EndProject
Project("{9A19103F-16F7-4668-BE54-9A1E7A4F7556}") = "DbConn.DbExecutor.Dapper", "DbConn.DbExecutor.Dapper\DbConn.DbExecutor.Dapper.csproj", "{9C746078-2174-4DBD-AA5C-A173957CDEA0}"
EndProject
Project("{9A19103F-16F7-4668-BE54-9A1E7A4F7556}") = "DbConn.DbExecutor.Dapper.Ioc.Autofac", "DbConn.DbExecutor.Dapper.Ioc.Autofac\DbConn.DbExecutor.Dapper.Ioc.Autofac.csproj", "{A47809B8-0E65-4A2B-A36A-C5D2157E661C}"
EndProject
Project("{9A19103F-16F7-4668-BE54-9A1E7A4F7556}") = "DbConn.DbExecutor.Dapper.Npgsql", "DbConn.DbExecutor.Dapper.Npgsql\DbConn.DbExecutor.Dapper.Npgsql.csproj", "{2E5E06A5-F5DE-4008-A96D-14A97E99F90F}"
EndProject
Project("{9A19103F-16F7-4668-BE54-9A1E7A4F7556}") = "DbConn.DbExecutor.Dapper.Sqlite", "DbConn.DbExecutor.Dapper.Sqlite\DbConn.DbExecutor.Dapper.Sqlite.csproj", "{B39C26AC-DB1A-4FB6-807B-FB361E3C6DA5}"
EndProject
Project("{9A19103F-16F7-4668-BE54-9A1E7A4F7556}") = "DbConn.DbExecutor.Dapper.SqlServer", "DbConn.DbExecutor.Dapper.SqlServer\DbConn.DbExecutor.Dapper.SqlServer.csproj", "{94F1A675-AD31-4925-BFCA-CEDE4189F594}"
EndProject
Project("{2150E333-8FDC-42A3-9474-1A3956D46DE8}") = "src", "src", "{AB64306B-2E0B-4799-B7DA-BFE3A26E2874}"
EndProject
Project("{2150E333-8FDC-42A3-9474-1A3956D46DE8}") = "Dapper", "Dapper", "{850063A5-A1ED-4C44-A176-7668A56FB699}"
EndProject
Global
	GlobalSection(SolutionConfigurationPlatforms) = preSolution
		Debug|Any CPU = Debug|Any CPU
		Release|Any CPU = Release|Any CPU
	EndGlobalSection
	GlobalSection(ProjectConfigurationPlatforms) = postSolution
		{A677DC1C-9B69-43FD-BD1D-3A77E842DAEA}.Debug|Any CPU.ActiveCfg = Debug|Any CPU
		{A677DC1C-9B69-43FD-BD1D-3A77E842DAEA}.Debug|Any CPU.Build.0 = Debug|Any CPU
		{A677DC1C-9B69-43FD-BD1D-3A77E842DAEA}.Release|Any CPU.ActiveCfg = Release|Any CPU
		{A677DC1C-9B69-43FD-BD1D-3A77E842DAEA}.Release|Any CPU.Build.0 = Release|Any CPU
		{9C746078-2174-4DBD-AA5C-A173957CDEA0}.Debug|Any CPU.ActiveCfg = Debug|Any CPU
		{9C746078-2174-4DBD-AA5C-A173957CDEA0}.Debug|Any CPU.Build.0 = Debug|Any CPU
		{9C746078-2174-4DBD-AA5C-A173957CDEA0}.Release|Any CPU.ActiveCfg = Release|Any CPU
		{9C746078-2174-4DBD-AA5C-A173957CDEA0}.Release|Any CPU.Build.0 = Release|Any CPU
		{A47809B8-0E65-4A2B-A36A-C5D2157E661C}.Debug|Any CPU.ActiveCfg = Debug|Any CPU
		{A47809B8-0E65-4A2B-A36A-C5D2157E661C}.Debug|Any CPU.Build.0 = Debug|Any CPU
		{A47809B8-0E65-4A2B-A36A-C5D2157E661C}.Release|Any CPU.ActiveCfg = Release|Any CPU
		{A47809B8-0E65-4A2B-A36A-C5D2157E661C}.Release|Any CPU.Build.0 = Release|Any CPU
		{2E5E06A5-F5DE-4008-A96D-14A97E99F90F}.Debug|Any CPU.ActiveCfg = Debug|Any CPU
		{2E5E06A5-F5DE-4008-A96D-14A97E99F90F}.Debug|Any CPU.Build.0 = Debug|Any CPU
		{2E5E06A5-F5DE-4008-A96D-14A97E99F90F}.Release|Any CPU.ActiveCfg = Release|Any CPU
		{2E5E06A5-F5DE-4008-A96D-14A97E99F90F}.Release|Any CPU.Build.0 = Release|Any CPU
		{B39C26AC-DB1A-4FB6-807B-FB361E3C6DA5}.Debug|Any CPU.ActiveCfg = Debug|Any CPU
		{B39C26AC-DB1A-4FB6-807B-FB361E3C6DA5}.Debug|Any CPU.Build.0 = Debug|Any CPU
		{B39C26AC-DB1A-4FB6-807B-FB361E3C6DA5}.Release|Any CPU.ActiveCfg = Release|Any CPU
		{B39C26AC-DB1A-4FB6-807B-FB361E3C6DA5}.Release|Any CPU.Build.0 = Release|Any CPU
		{94F1A675-AD31-4925-BFCA-CEDE4189F594}.Debug|Any CPU.ActiveCfg = Debug|Any CPU
		{94F1A675-AD31-4925-BFCA-CEDE4189F594}.Debug|Any CPU.Build.0 = Debug|Any CPU
		{94F1A675-AD31-4925-BFCA-CEDE4189F594}.Release|Any CPU.ActiveCfg = Release|Any CPU
		{94F1A675-AD31-4925-BFCA-CEDE4189F594}.Release|Any CPU.Build.0 = Release|Any CPU
	EndGlobalSection
	GlobalSection(SolutionProperties) = preSolution
		HideSolutionNode = FALSE
	EndGlobalSection
	GlobalSection(NestedProjects) = preSolution
		{A677DC1C-9B69-43FD-BD1D-3A77E842DAEA} = {AB64306B-2E0B-4799-B7DA-BFE3A26E2874}
		{9C746078-2174-4DBD-AA5C-A173957CDEA0} = {850063A5-A1ED-4C44-A176-7668A56FB699}
		{A47809B8-0E65-4A2B-A36A-C5D2157E661C} = {850063A5-A1ED-4C44-A176-7668A56FB699}
		{2E5E06A5-F5DE-4008-A96D-14A97E99F90F} = {850063A5-A1ED-4C44-A176-7668A56FB699}
		{B39C26AC-DB1A-4FB6-807B-FB361E3C6DA5} = {850063A5-A1ED-4C44-A176-7668A56FB699}
		{94F1A675-AD31-4925-BFCA-CEDE4189F594} = {850063A5-A1ED-4C44-A176-7668A56FB699}
		{850063A5-A1ED-4C44-A176-7668A56FB699} = {AB64306B-2E0B-4799-B7DA-BFE3A26E2874}
	EndGlobalSection
	GlobalSection(ExtensibilityGlobals) = postSolution
		SolutionGuid = {C29CBB4F-7AF8-4469-819F-E8D5AD5DFEE1}
	EndGlobalSection
EndGlobal
